// !$*UTF8*$!
{
	archiveVersion = 1;
	classes = {
	};
	objectVersion = 77;
	objects = {

/* Begin PBXBuildFile section */
		CD0BB52C2F9972E400AE5074 /* PrivoiceKeyboard.appex in Embed Foundation Extensions */ = {isa = PBXBuildFile; fileRef = CD0BB5252F9972E400AE5074 /* PrivoiceKeyboard.appex */; settings = {ATTRIBUTES = (RemoveHeadersOnCopy, ); }; };
		CD0BB5352F99752600AE5074 /* PrivoiceCore in Frameworks */ = {isa = PBXBuildFile; productRef = CD0BB5342F99752600AE5074 /* PrivoiceCore */; };
		CD0BB5372F99754400AE5074 /* PrivoiceCore in Frameworks */ = {isa = PBXBuildFile; productRef = CD0BB5362F99754400AE5074 /* PrivoiceCore */; };
		CD0BB55D2F9AB7CE00AE5074 /* KeyboardKit in Frameworks */ = {isa = PBXBuildFile; productRef = CD0BB55C2F9AB7CE00AE5074 /* KeyboardKit */; };
		CD0BB6D02F9D46E900AE5074 /* GoogleSignIn in Frameworks */ = {isa = PBXBuildFile; productRef = CD0BB6CF2F9D46E900AE5074 /* GoogleSignIn */; };
/* End PBXBuildFile section */

/* Begin PBXContainerItemProxy section */
		CD0BB52A2F9972E400AE5074 /* PBXContainerItemProxy */ = {
			isa = PBXContainerItemProxy;
			containerPortal = CD9757752F99706B001A428C /* Project object */;
			proxyType = 1;
			remoteGlobalIDString = CD0BB5242F9972E300AE5074;
			remoteInfo = PrivoiceKeyboard;
		};
/* End PBXContainerItemProxy section */

/* Begin PBXCopyFilesBuildPhase section */
		CD0BB5312F9972E400AE5074 /* Embed Foundation Extensions */ = {
			isa = PBXCopyFilesBuildPhase;
			buildActionMask = 2147483647;
			dstPath = "";
			dstSubfolderSpec = 13;
			files = (
				CD0BB52C2F9972E400AE5074 /* PrivoiceKeyboard.appex in Embed Foundation Extensions */,
			);
			name = "Embed Foundation Extensions";
			runOnlyForDeploymentPostprocessing = 0;
		};
/* End PBXCopyFilesBuildPhase section */

/* Begin PBXFileReference section */
		CD0BB5252F9972E400AE5074 /* PrivoiceKeyboard.appex */ = {isa = PBXFileReference; explicitFileType = "wrapper.app-extension"; includeInIndex = 0; path = PrivoiceKeyboard.appex; sourceTree = BUILT_PRODUCTS_DIR; };
		CD0BB5322F99740E00AE5074 /* PrivoiceCore */ = {isa = PBXFileReference; lastKnownFileType = wrapper; path = PrivoiceCore; sourceTree = "<group>"; };
		CD97577D2F99706B001A428C /* Privoice.app */ = {isa = PBXFileReference; explicitFileType = wrapper.application; includeInIndex = 0; path = Privoice.app; sourceTree = BUILT_PRODUCTS_DIR; };
/* End PBXFileReference section */

/* Begin PBXFileSystemSynchronizedBuildFileExceptionSet section */
		CD0BB52D2F9972E400AE5074 /* Exceptions for "PrivoiceKeyboard" folder in "PrivoiceKeyboard" target */ = {
			isa = PBXFileSystemSynchronizedBuildFileExceptionSet;
			membershipExceptions = (
				Info.plist,
			);
			target = CD0BB5242F9972E300AE5074 /* PrivoiceKeyboard */;
		};
		CD0BB6D12F9D470000AE5074 /* Exceptions for "Privoice" folder in "Privoice" target */ = {
			isa = PBXFileSystemSynchronizedBuildFileExceptionSet;
			membershipExceptions = (
				Info.plist,
			);
			target = CD97577C2F99706B001A428C /* Privoice */;
		};
/* End PBXFileSystemSynchronizedBuildFileExceptionSet section */

/* Begin PBXFileSystemSynchronizedRootGroup section */
		CD0BB5262F9972E400AE5074 /* PrivoiceKeyboard */ = {
			isa = PBXFileSystemSynchronizedRootGroup;
			exceptions = (
				CD0BB52D2F9972E400AE5074 /* Exceptions for "PrivoiceKeyboard" folder in "PrivoiceKeyboard" target */,
			);
			path = PrivoiceKeyboard;
			sourceTree = "<group>";
		};
		CD97577F2F99706B001A428C /* Privoice */ = {
			isa = PBXFileSystemSynchronizedRootGroup;
			exceptions = (
				CD0BB6D12F9D470000AE5074 /* Exceptions for "Privoice" folder in "Privoice" target */,
			);
			path = Privoice;
			sourceTree = "<group>";
		};
/* End PBXFileSystemSynchronizedRootGroup section */

/* Begin PBXFrameworksBuildPhase section */
		CD0BB5222F9972E300AE5074 /* Frameworks */ = {
			isa = PBXFrameworksBuildPhase;
			buildActionMask = 2147483647;
			files = (
				CD0BB5372F99754400AE5074 /* PrivoiceCore in Frameworks */,
			);
			runOnlyForDeploymentPostprocessing = 0;
		};
		CD97577A2F99706B001A428C /* Frameworks */ = {
			isa = PBXFrameworksBuildPhase;
			buildActionMask = 2147483647;
			files = (
				CD0BB55D2F9AB7CE00AE5074 /* KeyboardKit in Frameworks */,
				CD0BB5352F99752600AE5074 /* PrivoiceCore in Frameworks */,
				CD0BB6D02F9D46E900AE5074 /* GoogleSignIn in Frameworks */,
			);
			runOnlyForDeploymentPostprocessing = 0;
		};
/* End PBXFrameworksBuildPhase section */

/* Begin PBXGroup section */
		CD0BB5332F99752600AE5074 /* Frameworks */ = {
			isa = PBXGroup;
			children = (
			);
			name = Frameworks;
			sourceTree = "<group>";
		};
		CD9757742F99706B001A428C = {
			isa = PBXGroup;
			children = (
				CD0BB5322F99740E00AE5074 /* PrivoiceCore */,
				CD97577F2F99706B001A428C /* Privoice */,
				CD0BB5262F9972E400AE5074 /* PrivoiceKeyboard */,
				CD0BB5332F99752600AE5074 /* Frameworks */,
				CD97577E2F99706B001A428C /* Products */,
			);
			sourceTree = "<group>";
		};
		CD97577E2F99706B001A428C /* Products */ = {
			isa = PBXGroup;
			children = (
				CD97577D2F99706B001A428C /* Privoice.app */,
				CD0BB5252F9972E400AE5074 /* PrivoiceKeyboard.appex */,
			);
			name = Products;
			sourceTree = "<group>";
		};
/* End PBXGroup section */

/* Begin PBXNativeTarget section */
		CD0BB5242F9972E300AE5074 /* PrivoiceKeyboard */ = {
			isa = PBXNativeTarget;
			buildConfigurationList = CD0BB52E2F9972E400AE5074 /* Build configuration list for PBXNativeTarget "PrivoiceKeyboard" */;
			buildPhases = (
				CD0BB5212F9972E300AE5074 /* Sources */,
				CD0BB5222F9972E300AE5074 /* Frameworks */,
				CD0BB5232F9972E300AE5074 /* Resources */,
			);
			buildRules = (
			);
			dependencies = (
			);
			fileSystemSynchronizedGroups = (
				CD0BB5262F9972E400AE5074 /* PrivoiceKeyboard */,
			);
			name = PrivoiceKeyboard;
			packageProductDependencies = (
				CD0BB5362F99754400AE5074 /* PrivoiceCore */,
			);
			productName = PrivoiceKeyboard;
			productReference = CD0BB5252F9972E400AE5074 /* PrivoiceKeyboard.appex */;
			productType = "com.apple.product-type.app-extension";
		};
		CD97577C2F99706B001A428C /* Privoice */ = {
			isa = PBXNativeTarget;
			buildConfigurationList = CD9757882F99706E001A428C /* Build configuration list for PBXNativeTarget "Privoice" */;
			buildPhases = (
				CD9757792F99706B001A428C /* Sources */,
				CD97577A2F99706B001A428C /* Frameworks */,
				CD97577B2F99706B001A428C /* Resources */,
				CD0BB5312F9972E400AE5074 /* Embed Foundation Extensions */,
			);
			buildRules = (
			);
			dependencies = (
				CD0BB52B2F9972E400AE5074 /* PBXTargetDependency */,
			);
			fileSystemSynchronizedGroups = (
				CD97577F2F99706B001A428C /* Privoice */,
			);
			name = Privoice;
			packageProductDependencies = (
				CD0BB5342F99752600AE5074 /* PrivoiceCore */,
				CD0BB55C2F9AB7CE00AE5074 /* KeyboardKit */,
				CD0BB6CF2F9D46E900AE5074 /* GoogleSignIn */,
			);
			productName = Privoice;
			productReference = CD97577D2F99706B001A428C /* Privoice.app */;
			productType = "com.apple.product-type.application";
		};
/* End PBXNativeTarget section */

/* Begin PBXProject section */
		CD9757752F99706B001A428C /* Project object */ = {
			isa = PBXProject;
			attributes = {
				BuildIndependentTargetsInParallel = 1;
				LastSwiftUpdateCheck = 2630;
				LastUpgradeCheck = 2630;
				TargetAttributes = {
					CD0BB5242F9972E300AE5074 = {
						CreatedOnToolsVersion = 26.3;
					};
					CD97577C2F99706B001A428C = {
						CreatedOnToolsVersion = 26.3;
					};
				};
			};
			buildConfigurationList = CD9757782F99706B001A428C /* Build configuration list for PBXProject "Privoice" */;
			developmentRegion = en;
			hasScannedForEncodings = 0;
			knownRegions = (
				en,
				Base,
			);
			mainGroup = CD9757742F99706B001A428C;
			minimizedProjectReferenceProxies = 1;
			packageReferences = (
				CD0BB55B2F9AB7CE00AE5074 /* XCRemoteSwiftPackageReference "KeyboardKit" */,
				CD0BB6CE2F9D46E900AE5074 /* XCRemoteSwiftPackageReference "GoogleSignIn-iOS" */,
			);
			preferredProjectObjectVersion = 77;
			productRefGroup = CD97577E2F99706B001A428C /* Products */;
			projectDirPath = "";
			projectRoot = "";
			targets = (
				CD97577C2F99706B001A428C /* Privoice */,
				CD0BB5242F9972E300AE5074 /* PrivoiceKeyboard */,
			);
		};
/* End PBXProject section */

/* Begin PBXResourcesBuildPhase section */
		CD0BB5232F9972E300AE5074 /* Resources */ = {
			isa = PBXResourcesBuildPhase;
			buildActionMask = 2147483647;
			files = (
			);
			runOnlyForDeploymentPostprocessing = 0;
		};
		CD97577B2F99706B001A428C /* Resources */ = {
			isa = PBXResourcesBuildPhase;
			buildActionMask = 2147483647;
			files = (
			);
			runOnlyForDeploymentPostprocessing = 0;
		};
/* End PBXResourcesBuildPhase section */

/* Begin PBXSourcesBuildPhase section */
		CD0BB5212F9972E300AE5074 /* Sources */ = {
			isa = PBXSourcesBuildPhase;
			buildActionMask = 2147483647;
			files = (
			);
			runOnlyForDeploymentPostprocessing = 0;
		};
		CD9757792F99706B001A428C /* Sources */ = {
			isa = PBXSourcesBuildPhase;
			buildActionMask = 2147483647;
			files = (
			);
			runOnlyForDeploymentPostprocessing = 0;
		};
/* End PBXSourcesBuildPhase section */

/* Begin PBXTargetDependency section */
		CD0BB52B2F9972E400AE5074 /* PBXTargetDependency */ = {
			isa = PBXTargetDependency;
			target = CD0BB5242F9972E300AE5074 /* PrivoiceKeyboard */;
			targetProxy = CD0BB52A2F9972E400AE5074 /* PBXContainerItemProxy */;
		};
/* End PBXTargetDependency section */

/* Begin XCBuildConfiguration section */
		CD0BB52F2F9972E400AE5074 /* Debug */ = {
			isa = XCBuildConfiguration;
			buildSettings = {
				CODE_SIGN_ENTITLEMENTS = PrivoiceKeyboard/PrivoiceKeyboard.entitlements;
				CODE_SIGN_STYLE = Automatic;
				CURRENT_PROJECT_VERSION = 1;
				DEVELOPMENT_TEAM = R2YX95HRQD;
				GENERATE_INFOPLIST_FILE = YES;
				INFOPLIST_FILE = PrivoiceKeyboard/Info.plist;
				INFOPLIST_KEY_CFBundleDisplayName = PrivoiceKeyboard;
				INFOPLIST_KEY_NSHumanReadableCopyright = "";
				INFOPLIST_KEY_NSMicrophoneUsageDescription = "Privoice uses your microphone to transcribe speech inside the Privoice keyboard. Your audio is never stored on our servers";
				INFOPLIST_KEY_NSSpeechRecognitionUsageDescription = "Privoice uses on-device speech recognition to turn your voice into text";
				IPHONEOS_DEPLOYMENT_TARGET = 17.6;
				LD_RUNPATH_SEARCH_PATHS = (
					"$(inherited)",
					"@executable_path/Frameworks",
					"@executable_path/../../Frameworks",
				);
				MARKETING_VERSION = 1.0;
				PRODUCT_BUNDLE_IDENTIFIER = com.privoice.app.PrivoiceKeyboard;
				PRODUCT_NAME = "$(TARGET_NAME)";
				SKIP_INSTALL = YES;
				STRING_CATALOG_GENERATE_SYMBOLS = YES;
				SWIFT_APPROACHABLE_CONCURRENCY = YES;
				SWIFT_EMIT_LOC_STRINGS = YES;
				SWIFT_UPCOMING_FEATURE_MEMBER_IMPORT_VISIBILITY = YES;
				SWIFT_VERSION = 5.0;
				TARGETED_DEVICE_FAMILY = "1,2";
			};
			name = Debug;
		};
		CD0BB5302F9972E400AE5074 /* Release */ = {
			isa = XCBuildConfiguration;
			buildSettings = {
				CODE_SIGN_ENTITLEMENTS = PrivoiceKeyboard/PrivoiceKeyboard.entitlements;
				CODE_SIGN_STYLE = Automatic;
				CURRENT_PROJECT_VERSION = 1;
				DEVELOPMENT_TEAM = R2YX95HRQD;
				GENERATE_INFOPLIST_FILE = YES;
				INFOPLIST_FILE = PrivoiceKeyboard/Info.plist;
				INFOPLIST_KEY_CFBundleDisplayName = PrivoiceKeyboard;
				INFOPLIST_KEY_NSHumanReadableCopyright = "";
				INFOPLIST_KEY_NSMicrophoneUsageDescription = "Privoice uses your microphone to transcribe speech inside the Privoice keyboard. Your audio is never stored on our servers";
				INFOPLIST_KEY_NSSpeechRecognitionUsageDescription = "Privoice uses on-device speech recognition to turn your voice into text";
				IPHONEOS_DEPLOYMENT_TARGET = 17.6;
				LD_RUNPATH_SEARCH_PATHS = (
					"$(inherited)",
					"@executable_path/Frameworks",
					"@executable_path/../../Frameworks",
				);
				MARKETING_VERSION = 1.0;
				PRODUCT_BUNDLE_IDENTIFIER = com.privoice.app.PrivoiceKeyboard;
				PRODUCT_NAME = "$(TARGET_NAME)";
				SKIP_INSTALL = YES;
				STRING_CATALOG_GENERATE_SYMBOLS = YES;
				SWIFT_APPROACHABLE_CONCURRENCY = YES;
				SWIFT_EMIT_LOC_STRINGS = YES;
				SWIFT_UPCOMING_FEATURE_MEMBER_IMPORT_VISIBILITY = YES;
				SWIFT_VERSION = 5.0;
				TARGETED_DEVICE_FAMILY = "1,2";
			};
			name = Release;
		};
		CD9757862F99706E001A428C /* Debug */ = {
			isa = XCBuildConfiguration;
			buildSettings = {
				ALWAYS_SEARCH_USER_PATHS = NO;
				ASSETCATALOG_COMPILER_GENERATE_SWIFT_ASSET_SYMBOL_EXTENSIONS = YES;
				CLANG_ANALYZER_NONNULL = YES;
				CLANG_ANALYZER_NUMBER_OBJECT_CONVERSION = YES_AGGRESSIVE;
				CLANG_CXX_LANGUAGE_STANDARD = "gnu++20";
				CLANG_ENABLE_MODULES = YES;
				CLANG_ENABLE_OBJC_ARC = YES;
				CLANG_ENABLE_OBJC_WEAK = YES;
				CLANG_WARN_BLOCK_CAPTURE_AUTORELEASING = YES;
				CLANG_WARN_BOOL_CONVERSION = YES;
				CLANG_WARN_COMMA = YES;
				CLANG_WARN_CONSTANT_CONVERSION = YES;
				CLANG_WARN_DEPRECATED_OBJC_IMPLEMENTATIONS = YES;
				CLANG_WARN_DIRECT_OBJC_ISA_USAGE = YES_ERROR;
				CLANG_WARN_DOCUMENTATION_COMMENTS = YES;
				CLANG_WARN_EMPTY_BODY = YES;
				CLANG_WARN_ENUM_CONVERSION = YES;
				CLANG_WARN_INFINITE_RECURSION = YES;
				CLANG_WARN_INT_CONVERSION = YES;
				CLANG_WARN_NON_LITERAL_NULL_CONVERSION = YES;
				CLANG_WARN_OBJC_IMPLICIT_RETAIN_SELF = YES;
				CLANG_WARN_OBJC_LITERAL_CONVERSION = YES;
				CLANG_WARN_OBJC_ROOT_CLASS = YES_ERROR;
				CLANG_WARN_QUOTED_INCLUDE_IN_FRAMEWORK_HEADER = YES;
				CLANG_WARN_RANGE_LOOP_ANALYSIS = YES;
				CLANG_WARN_STRICT_PROTOTYPES = YES;
				CLANG_WARN_SUSPICIOUS_MOVE = YES;
				CLANG_WARN_UNGUARDED_AVAILABILITY = YES_AGGRESSIVE;
				CLANG_WARN_UNREACHABLE_CODE = YES;
				CLANG_WARN__DUPLICATE_METHOD_MATCH = YES;
				COPY_PHASE_STRIP = NO;
				DEBUG_INFORMATION_FORMAT = dwarf;
				DEVELOPMENT_TEAM = R2YX95HRQD;
				ENABLE_STRICT_OBJC_MSGSEND = YES;
				ENABLE_TESTABILITY = YES;
				ENABLE_USER_SCRIPT_SANDBOXING = YES;
				GCC_C_LANGUAGE_STANDARD = gnu17;
				GCC_DYNAMIC_NO_PIC = NO;
				GCC_NO_COMMON_BLOCKS = YES;
				GCC_OPTIMIZATION_LEVEL = 0;
				GCC_PREPROCESSOR_DEFINITIONS = (
					"DEBUG=1",
					"$(inherited)",
				);
				GCC_WARN_64_TO_32_BIT_CONVERSION = YES;
				GCC_WARN_ABOUT_RETURN_TYPE = YES_ERROR;
				GCC_WARN_UNDECLARED_SELECTOR = YES;
				GCC_WARN_UNINITIALIZED_AUTOS = YES_AGGRESSIVE;
				GCC_WARN_UNUSED_FUNCTION = YES;
				GCC_WARN_UNUSED_VARIABLE = YES;
				IPHONEOS_DEPLOYMENT_TARGET = 26.2;
				LOCALIZATION_PREFERS_STRING_CATALOGS = YES;
				MTL_ENABLE_DEBUG_INFO = INCLUDE_SOURCE;
				MTL_FAST_MATH = YES;
				ONLY_ACTIVE_ARCH = YES;
				SDKROOT = iphoneos;
				SWIFT_ACTIVE_COMPILATION_CONDITIONS = "DEBUG $(inherited)";
				SWIFT_OPTIMIZATION_LEVEL = "-Onone";
			};
			name = Debug;
		};
		CD9757872F99706E001A428C /* Release */ = {
			isa = XCBuildConfiguration;
			buildSettings = {
				ALWAYS_SEARCH_USER_PATHS = NO;
				ASSETCATALOG_COMPILER_GENERATE_SWIFT_ASSET_SYMBOL_EXTENSIONS = YES;
				CLANG_ANALYZER_NONNULL = YES;
				CLANG_ANALYZER_NUMBER_OBJECT_CONVERSION = YES_AGGRESSIVE;
				CLANG_CXX_LANGUAGE_STANDARD = "gnu++20";
				CLANG_ENABLE_MODULES = YES;
				CLANG_ENABLE_OBJC_ARC = YES;
				CLANG_ENABLE_OBJC_WEAK = YES;
				CLANG_WARN_BLOCK_CAPTURE_AUTORELEASING = YES;
				CLANG_WARN_BOOL_CONVERSION = YES;
				CLANG_WARN_COMMA = YES;
				CLANG_WARN_CONSTANT_CONVERSION = YES;
				CLANG_WARN_DEPRECATED_OBJC_IMPLEMENTATIONS = YES;
				CLANG_WARN_DIRECT_OBJC_ISA_USAGE = YES_ERROR;
				CLANG_WARN_DOCUMENTATION_COMMENTS = YES;
				CLANG_WARN_EMPTY_BODY = YES;
				CLANG_WARN_ENUM_CONVERSION = YES;
				CLANG_WARN_INFINITE_RECURSION = YES;
				CLANG_WARN_INT_CONVERSION = YES;
				CLANG_WARN_NON_LITERAL_NULL_CONVERSION = YES;
				CLANG_WARN_OBJC_IMPLICIT_RETAIN_SELF = YES;
				CLANG_WARN_OBJC_LITERAL_CONVERSION = YES;
				CLANG_WARN_OBJC_ROOT_CLASS = YES_ERROR;
				CLANG_WARN_QUOTED_INCLUDE_IN_FRAMEWORK_HEADER = YES;
				CLANG_WARN_RANGE_LOOP_ANALYSIS = YES;
				CLANG_WARN_STRICT_PROTOTYPES = YES;
				CLANG_WARN_SUSPICIOUS_MOVE = YES;
				CLANG_WARN_UNGUARDED_AVAILABILITY = YES_AGGRESSIVE;
				CLANG_WARN_UNREACHABLE_CODE = YES;
				CLANG_WARN__DUPLICATE_METHOD_MATCH = YES;
				COPY_PHASE_STRIP = NO;
				DEBUG_INFORMATION_FORMAT = "dwarf-with-dsym";
				DEVELOPMENT_TEAM = R2YX95HRQD;
				ENABLE_NS_ASSERTIONS = NO;
				ENABLE_STRICT_OBJC_MSGSEND = YES;
				ENABLE_USER_SCRIPT_SANDBOXING = YES;
				GCC_C_LANGUAGE_STANDARD = gnu17;
				GCC_NO_COMMON_BLOCKS = YES;
				GCC_WARN_64_TO_32_BIT_CONVERSION = YES;
				GCC_WARN_ABOUT_RETURN_TYPE = YES_ERROR;
				GCC_WARN_UNDECLARED_SELECTOR = YES;
				GCC_WARN_UNINITIALIZED_AUTOS = YES_AGGRESSIVE;
				GCC_WARN_UNUSED_FUNCTION = YES;
				GCC_WARN_UNUSED_VARIABLE = YES;
				IPHONEOS_DEPLOYMENT_TARGET = 26.2;
				LOCALIZATION_PREFERS_STRING_CATALOGS = YES;
				MTL_ENABLE_DEBUG_INFO = NO;
				MTL_FAST_MATH = YES;
				SDKROOT = iphoneos;
				SWIFT_COMPILATION_MODE = wholemodule;
				VALIDATE_PRODUCT = YES;
			};
			name = Release;
		};
		CD9757892F99706E001A428C /* Debug */ = {
			isa = XCBuildConfiguration;
			buildSettings = {
				ASSETCATALOG_COMPILER_APPICON_NAME = AppIcon;
				ASSETCATALOG_COMPILER_GLOBAL_ACCENT_COLOR_NAME = AccentColor;
				CODE_SIGN_ENTITLEMENTS = Privoice/Privoice.entitlements;
				CODE_SIGN_STYLE = Automatic;
				CURRENT_PROJECT_VERSION = 1;
				DEVELOPMENT_TEAM = R2YX95HRQD;
				ENABLE_PREVIEWS = YES;
				GENERATE_INFOPLIST_FILE = YES;
				INFOPLIST_FILE = Privoice/Info.plist;
				INFOPLIST_KEY_LSApplicationCategoryType = "";
				INFOPLIST_KEY_NSMicrophoneUsageDescription = "Privoice uses your microphone to transcribe speech inside the Privoice keyboard. Your audio is never stored on our servers";
				INFOPLIST_KEY_NSSpeechRecognitionUsageDescription = "Privoice uses on-device speech recognition to turn your voice into text";
				INFOPLIST_KEY_UIApplicationSceneManifest_Generation = YES;
				INFOPLIST_KEY_UIApplicationSupportsIndirectInputEvents = YES;
				INFOPLIST_KEY_UILaunchScreen_Generation = YES;
				INFOPLIST_KEY_UISupportedInterfaceOrientations_iPad = "UIInterfaceOrientationPortrait UIInterfaceOrientationPortraitUpsideDown UIInterfaceOrientationLandscapeLeft UIInterfaceOrientationLandscapeRight";
				INFOPLIST_KEY_UISupportedInterfaceOrientations_iPhone = "UIInterfaceOrientationPortrait UIInterfaceOrientationLandscapeLeft UIInterfaceOrientationLandscapeRight";
				IPHONEOS_DEPLOYMENT_TARGET = 17.6;
				LD_RUNPATH_SEARCH_PATHS = (
					"$(inherited)",
					"@executable_path/Frameworks",
				);
				MARKETING_VERSION = 1.0;
				PRODUCT_BUNDLE_IDENTIFIER = com.privoice.app;
				PRODUCT_NAME = "$(TARGET_NAME)";
				STRING_CATALOG_GENERATE_SYMBOLS = YES;
				SUPPORTED_PLATFORMS = "iphoneos iphonesimulator";
				SUPPORTS_MACCATALYST = NO;
				SUPPORTS_MAC_DESIGNED_FOR_IPHONE_IPAD = NO;
				SUPPORTS_XR_DESIGNED_FOR_IPHONE_IPAD = NO;
				SWIFT_APPROACHABLE_CONCURRENCY = YES;
				SWIFT_DEFAULT_ACTOR_ISOLATION = MainActor;
				SWIFT_EMIT_LOC_STRINGS = YES;
				SWIFT_UPCOMING_FEATURE_MEMBER_IMPORT_VISIBILITY = YES;
				SWIFT_VERSION = 5.0;
				TARGETED_DEVICE_FAMILY = "1,2";
			};
			name = Debug;
		};
		CD97578A2F99706E001A428C /* Release */ = {
			isa = XCBuildConfiguration;
			buildSettings = {
				ASSETCATALOG_COMPILER_APPICON_NAME = AppIcon;
				ASSETCATALOG_COMPILER_GLOBAL_ACCENT_COLOR_NAME = AccentColor;
				CODE_SIGN_ENTITLEMENTS = Privoice/Privoice.entitlements;
				CODE_SIGN_STYLE = Automatic;
				CURRENT_PROJECT_VERSION = 1;
				DEVELOPMENT_TEAM = R2YX95HRQD;
				ENABLE_PREVIEWS = YES;
				GENERATE_INFOPLIST_FILE = YES;
				INFOPLIST_FILE = Privoice/Info.plist;
				INFOPLIST_KEY_LSApplicationCategoryType = "";
				INFOPLIST_KEY_NSMicrophoneUsageDescription = "Privoice uses your microphone to transcribe speech inside the Privoice keyboard. Your audio is never stored on our servers";
				INFOPLIST_KEY_NSSpeechRecognitionUsageDescription = "Privoice uses on-device speech recognition to turn your voice into text";
				INFOPLIST_KEY_UIApplicationSceneManifest_Generation = YES;
				INFOPLIST_KEY_UIApplicationSupportsIndirectInputEvents = YES;
				INFOPLIST_KEY_UILaunchScreen_Generation = YES;
				INFOPLIST_KEY_UISupportedInterfaceOrientations_iPad = "UIInterfaceOrientationPortrait UIInterfaceOrientationPortraitUpsideDown UIInterfaceOrientationLandscapeLeft UIInterfaceOrientationLandscapeRight";
				INFOPLIST_KEY_UISupportedInterfaceOrientations_iPhone = "UIInterfaceOrientationPortrait UIInterfaceOrientationLandscapeLeft UIInterfaceOrientationLandscapeRight";
				IPHONEOS_DEPLOYMENT_TARGET = 17.6;
				LD_RUNPATH_SEARCH_PATHS = (
					"$(inherited)",
					"@executable_path/Frameworks",
				);
				MARKETING_VERSION = 1.0;
				PRODUCT_BUNDLE_IDENTIFIER = com.privoice.app;
				PRODUCT_NAME = "$(TARGET_NAME)";
				STRING_CATALOG_GENERATE_SYMBOLS = YES;
				SUPPORTED_PLATFORMS = "iphoneos iphonesimulator";
				SUPPORTS_MACCATALYST = NO;
				SUPPORTS_MAC_DESIGNED_FOR_IPHONE_IPAD = NO;
				SUPPORTS_XR_DESIGNED_FOR_IPHONE_IPAD = NO;
				SWIFT_APPROACHABLE_CONCURRENCY = YES;
				SWIFT_DEFAULT_ACTOR_ISOLATION = MainActor;
				SWIFT_EMIT_LOC_STRINGS = YES;
				SWIFT_UPCOMING_FEATURE_MEMBER_IMPORT_VISIBILITY = YES;
				SWIFT_VERSION = 5.0;
				TARGETED_DEVICE_FAMILY = "1,2";
			};
			name = Release;
		};
/* End XCBuildConfiguration section */

/* Begin XCConfigurationList section */
		CD0BB52E2F9972E400AE5074 /* Build configuration list for PBXNativeTarget "PrivoiceKeyboard" */ = {
			isa = XCConfigurationList;
			buildConfigurations = (
				CD0BB52F2F9972E400AE5074 /* Debug */,
				CD0BB5302F9972E400AE5074 /* Release */,
			);
			defaultConfigurationIsVisible = 0;
			defaultConfigurationName = Release;
		};
		CD9757782F99706B001A428C /* Build configuration list for PBXProject "Privoice" */ = {
			isa = XCConfigurationList;
			buildConfigurations = (
				CD9757862F99706E001A428C /* Debug */,
				CD9757872F99706E001A428C /* Release */,
			);
			defaultConfigurationIsVisible = 0;
			defaultConfigurationName = Release;
		};
		CD9757882F99706E001A428C /* Build configuration list for PBXNativeTarget "Privoice" */ = {
			isa = XCConfigurationList;
			buildConfigurations = (
				CD9757892F99706E001A428C /* Debug */,
				CD97578A2F99706E001A428C /* Release */,
			);
			defaultConfigurationIsVisible = 0;
			defaultConfigurationName = Release;
		};
/* End XCConfigurationList section */

/* Begin XCRemoteSwiftPackageReference section */
		CD0BB55B2F9AB7CE00AE5074 /* XCRemoteSwiftPackageReference "KeyboardKit" */ = {
			isa = XCRemoteSwiftPackageReference;
			repositoryURL = "https://github.com/KeyboardKit/KeyboardKit";
			requirement = {
				kind = upToNextMajorVersion;
				minimumVersion = 10.4.1;
			};
		};
		CD0BB6CE2F9D46E900AE5074 /* XCRemoteSwiftPackageReference "GoogleSignIn-iOS" */ = {
			isa = XCRemoteSwiftPackageReference;
			repositoryURL = "https://github.com/google/GoogleSignIn-iOS";
			requirement = {
				kind = upToNextMajorVersion;
				minimumVersion = 9.1.0;
			};
		};
/* End XCRemoteSwiftPackageReference section */

/* Begin XCSwiftPackageProductDependency section */
		CD0BB5342F99752600AE5074 /* PrivoiceCore */ = {
			isa = XCSwiftPackageProductDependency;
			productName = PrivoiceCore;
		};
		CD0BB5362F99754400AE5074 /* PrivoiceCore */ = {
			isa = XCSwiftPackageProductDependency;
			productName = PrivoiceCore;
		};
		CD0BB55C2F9AB7CE00AE5074 /* KeyboardKit */ = {
			isa = XCSwiftPackageProductDependency;
			package = CD0BB55B2F9AB7CE00AE5074 /* XCRemoteSwiftPackageReference "KeyboardKit" */;
			productName = KeyboardKit;
		};
		CD0BB6CF2F9D46E900AE5074 /* GoogleSignIn */ = {
			isa = XCSwiftPackageProductDependency;
			package = CD0BB6CE2F9D46E900AE5074 /* XCRemoteSwiftPackageReference "GoogleSignIn-iOS" */;
			productName = GoogleSignIn;
		};
/* End XCSwiftPackageProductDependency section */
	};
	rootObject = CD9757752F99706B001A428C /* Project object */;
}
